
Microsoft Visual Studio Solution File, Format Version 12.00
# Visual Studio Version 17
VisualStudioVersion = 17.8.34330.188
MinimumVisualStudioVersion = 10.0.40219.1
Project("{FAE04EC0-301F-11D3-BF4B-00C04F79EFBC}") = "UserManagementAPI", "UserManagementAPI\UserManagementAPI.csproj", "{1FB2066D-0BC7-44F6-98DC-50D21864D02D}"
EndProject
Global
	GlobalSection(SolutionConfigurationPlatforms) = preSolution
		Debug|Any CPU = Debug|Any CPU
		Release|Any CPU = Release|Any CPU
	EndGlobalSection
	GlobalSection(ProjectConfigurationPlatforms) = postSolution
		{1FB2066D-0BC7-44F6-98DC-50D21864D02D}.Debug|Any CPU.ActiveCfg = Debug|Any CPU
		{1FB2066D-0BC7-44F6-98DC-50D21864D02D}.Debug|Any CPU.Build.0 = Debug|Any CPU
		{1FB2066D-0BC7-44F6-98DC-50D21864D02D}.Release|Any CPU.ActiveCfg = Release|Any CPU
		{1FB2066D-0BC7-44F6-98DC-50D21864D02D}.Release|Any CPU.Build.0 = Release|Any CPU
	EndGlobalSection
	GlobalSection(SolutionProperties) = preSolution
		HideSolutionNode = FALSE
	EndGlobalSection
	GlobalSection(ExtensibilityGlobals) = postSolution
		SolutionGuid = {7E3160BD-AA48-40B2-B866-326D8AE7108D}
	EndGlobalSection
EndGlobal
